
Microsoft Visual Studio Solution File, Format Version 12.00
# Visual Studio 15
VisualStudioVersion = 15.0.28010.2046
MinimumVisualStudioVersion = 10.0.40219.1
Project("{FAE04EC0-301F-11D3-BF4B-00C04F79EFBC}") = "WeatherApp-Demo-Final", "WeatherApp-Demo-Final\WeatherApp-Demo-Final.csproj", "{A1F4E42C-8577-4FD8-A39A-9AB8BF7D4E99}"
EndProject
Global
	GlobalSection(SolutionConfigurationPlatforms) = preSolution
		Debug|ARM = Debug|ARM
		Debug|x64 = Debug|x64
		Debug|x86 = Debug|x86
		Release|ARM = Release|ARM
		Release|x64 = Release|x64
		Release|x86 = Release|x86
	EndGlobalSection
	GlobalSection(ProjectConfigurationPlatforms) = postSolution
		{A1F4E42C-8577-4FD8-A39A-9AB8BF7D4E99}.Debug|ARM.ActiveCfg = Debug|ARM
		{A1F4E42C-8577-4FD8-A39A-9AB8BF7D4E99}.Debug|ARM.Build.0 = Debug|ARM
		{A1F4E42C-8577-4FD8-A39A-9AB8BF7D4E99}.Debug|ARM.Deploy.0 = Debug|ARM
		{A1F4E42C-8577-4FD8-A39A-9AB8BF7D4E99}.Debug|x64.ActiveCfg = Debug|x64
		{A1F4E42C-8577-4FD8-A39A-9AB8BF7D4E99}.Debug|x64.Build.0 = Debug|x64
		{A1F4E42C-8577-4FD8-A39A-9AB8BF7D4E99}.Debug|x64.Deploy.0 = Debug|x64
		{A1F4E42C-8577-4FD8-A39A-9AB8BF7D4E99}.Debug|x86.ActiveCfg = Debug|x86
		{A1F4E42C-8577-4FD8-A39A-9AB8BF7D4E99}.Debug|x86.Build.0 = Debug|x86
		{A1F4E42C-8577-4FD8-A39A-9AB8BF7D4E99}.Debug|x86.Deploy.0 = Debug|x86
		{A1F4E42C-8577-4FD8-A39A-9AB8BF7D4E99}.Release|ARM.ActiveCfg = Release|ARM
		{A1F4E42C-8577-4FD8-A39A-9AB8BF7D4E99}.Release|ARM.Build.0 = Release|ARM
		{A1F4E42C-8577-4FD8-A39A-9AB8BF7D4E99}.Release|ARM.Deploy.0 = Release|ARM
		{A1F4E42C-8577-4FD8-A39A-9AB8BF7D4E99}.Release|x64.ActiveCfg = Release|x64
		{A1F4E42C-8577-4FD8-A39A-9AB8BF7D4E99}.Release|x64.Build.0 = Release|x64
		{A1F4E42C-8577-4FD8-A39A-9AB8BF7D4E99}.Release|x64.Deploy.0 = Release|x64
		{A1F4E42C-8577-4FD8-A39A-9AB8BF7D4E99}.Release|x86.ActiveCfg = Release|x86
		{A1F4E42C-8577-4FD8-A39A-9AB8BF7D4E99}.Release|x86.Build.0 = Release|x86
		{A1F4E42C-8577-4FD8-A39A-9AB8BF7D4E99}.Release|x86.Deploy.0 = Release|x86
	EndGlobalSection
	GlobalSection(SolutionProperties) = preSolution
		HideSolutionNode = FALSE
	EndGlobalSection
	GlobalSection(ExtensibilityGlobals) = postSolution
		SolutionGuid = {65339EAF-1DA8-4D3F-998D-FD96A47C7A2E}
	EndGlobalSection
EndGlobal
