
Microsoft Visual Studio Solution File, Format Version 12.00
# Visual Studio 15
VisualStudioVersion = 15.0.28010.2046
MinimumVisualStudioVersion = 10.0.40219.1
Project("{FAE04EC0-301F-11D3-BF4B-00C04F79EFBC}") = "App1-Demo-Api-Youtube", "App1-Demo-Api-Youtube\App1-Demo-Api-Youtube.csproj", "{EA1AE5F9-2693-492F-8875-AF7A3BF5C96B}"
EndProject
Global
	GlobalSection(SolutionConfigurationPlatforms) = preSolution
		Debug|ARM = Debug|ARM
		Debug|x64 = Debug|x64
		Debug|x86 = Debug|x86
		Release|ARM = Release|ARM
		Release|x64 = Release|x64
		Release|x86 = Release|x86
	EndGlobalSection
	GlobalSection(ProjectConfigurationPlatforms) = postSolution
		{EA1AE5F9-2693-492F-8875-AF7A3BF5C96B}.Debug|ARM.ActiveCfg = Debug|ARM
		{EA1AE5F9-2693-492F-8875-AF7A3BF5C96B}.Debug|ARM.Build.0 = Debug|ARM
		{EA1AE5F9-2693-492F-8875-AF7A3BF5C96B}.Debug|ARM.Deploy.0 = Debug|ARM
		{EA1AE5F9-2693-492F-8875-AF7A3BF5C96B}.Debug|x64.ActiveCfg = Debug|x64
		{EA1AE5F9-2693-492F-8875-AF7A3BF5C96B}.Debug|x64.Build.0 = Debug|x64
		{EA1AE5F9-2693-492F-8875-AF7A3BF5C96B}.Debug|x64.Deploy.0 = Debug|x64
		{EA1AE5F9-2693-492F-8875-AF7A3BF5C96B}.Debug|x86.ActiveCfg = Debug|x86
		{EA1AE5F9-2693-492F-8875-AF7A3BF5C96B}.Debug|x86.Build.0 = Debug|x86
		{EA1AE5F9-2693-492F-8875-AF7A3BF5C96B}.Debug|x86.Deploy.0 = Debug|x86
		{EA1AE5F9-2693-492F-8875-AF7A3BF5C96B}.Release|ARM.ActiveCfg = Release|ARM
		{EA1AE5F9-2693-492F-8875-AF7A3BF5C96B}.Release|ARM.Build.0 = Release|ARM
		{EA1AE5F9-2693-492F-8875-AF7A3BF5C96B}.Release|ARM.Deploy.0 = Release|ARM
		{EA1AE5F9-2693-492F-8875-AF7A3BF5C96B}.Release|x64.ActiveCfg = Release|x64
		{EA1AE5F9-2693-492F-8875-AF7A3BF5C96B}.Release|x64.Build.0 = Release|x64
		{EA1AE5F9-2693-492F-8875-AF7A3BF5C96B}.Release|x64.Deploy.0 = Release|x64
		{EA1AE5F9-2693-492F-8875-AF7A3BF5C96B}.Release|x86.ActiveCfg = Release|x86
		{EA1AE5F9-2693-492F-8875-AF7A3BF5C96B}.Release|x86.Build.0 = Release|x86
		{EA1AE5F9-2693-492F-8875-AF7A3BF5C96B}.Release|x86.Deploy.0 = Release|x86
	EndGlobalSection
	GlobalSection(SolutionProperties) = preSolution
		HideSolutionNode = FALSE
	EndGlobalSection
	GlobalSection(ExtensibilityGlobals) = postSolution
		SolutionGuid = {CA67FAFD-D037-4378-9007-8A8735B7039B}
	EndGlobalSection
EndGlobal
