
Microsoft Visual Studio Solution File, Format Version 12.00
# Visual Studio 15
VisualStudioVersion = 15.0.28010.2048
MinimumVisualStudioVersion = 10.0.40219.1
Project("{FAE04EC0-301F-11D3-BF4B-00C04F79EFBC}") = "ASP.NETMVC5withLambdaExpressions", "ASP.NETMVC5withLambdaExpressions\ASP.NETMVC5withLambdaExpressions.csproj", "{43051260-D1C0-454A-8D60-065A5BF1BFF5}"
EndProject
Global
	GlobalSection(SolutionConfigurationPlatforms) = preSolution
		Debug|Any CPU = Debug|Any CPU
		Release|Any CPU = Release|Any CPU
	EndGlobalSection
	GlobalSection(ProjectConfigurationPlatforms) = postSolution
		{43051260-D1C0-454A-8D60-065A5BF1BFF5}.Debug|Any CPU.ActiveCfg = Debug|Any CPU
		{43051260-D1C0-454A-8D60-065A5BF1BFF5}.Debug|Any CPU.Build.0 = Debug|Any CPU
		{43051260-D1C0-454A-8D60-065A5BF1BFF5}.Release|Any CPU.ActiveCfg = Release|Any CPU
		{43051260-D1C0-454A-8D60-065A5BF1BFF5}.Release|Any CPU.Build.0 = Release|Any CPU
	EndGlobalSection
	GlobalSection(SolutionProperties) = preSolution
		HideSolutionNode = FALSE
	EndGlobalSection
	GlobalSection(ExtensibilityGlobals) = postSolution
		SolutionGuid = {29F00264-CE6A-476D-82FA-F3FB9BD0C052}
	EndGlobalSection
EndGlobal
